
Microsoft Visual Studio Solution File, Format Version 12.00
# Visual Studio Version 16
VisualStudioVersion = 25.0.1706.1
MinimumVisualStudioVersion = 10.0.40219.1
Project("{FAE04EC0-301F-11D3-BF4B-00C04F79EFBC}") = "OutfitTracker", "OutfitTracker\OutfitTracker.csproj", "{78523CA8-8F46-4B89-8DA0-1FF90713F249}"
EndProject
Global
	GlobalSection(SolutionConfigurationPlatforms) = preSolution
		Debug|Any CPU = Debug|Any CPU
		Release|Any CPU = Release|Any CPU
	EndGlobalSection
	GlobalSection(ProjectConfigurationPlatforms) = postSolution
		{78523CA8-8F46-4B89-8DA0-1FF90713F249}.Debug|Any CPU.ActiveCfg = Debug|Any CPU
		{78523CA8-8F46-4B89-8DA0-1FF90713F249}.Debug|Any CPU.Build.0 = Debug|Any CPU
		{78523CA8-8F46-4B89-8DA0-1FF90713F249}.Release|Any CPU.ActiveCfg = Release|Any CPU
		{78523CA8-8F46-4B89-8DA0-1FF90713F249}.Release|Any CPU.Build.0 = Release|Any CPU
	EndGlobalSection
	GlobalSection(SolutionProperties) = preSolution
		HideSolutionNode = FALSE
	EndGlobalSection
	GlobalSection(ExtensibilityGlobals) = postSolution
		SolutionGuid = {F332E720-C534-4DAF-9E2A-A6255FDD002F}
	EndGlobalSection
EndGlobal
